
Microsoft Visual Studio Solution File, Format Version 12.00
# Visual Studio Version 17
VisualStudioVersion = 17.10.34607.79
MinimumVisualStudioVersion = 10.0.40219.1
Project("{9A19103F-16F7-4668-BE54-9A1E7A4F7556}") = "BeFit", "BeFit\BeFit.csproj", "{A719393E-5CD4-474D-930F-1B488CF3DDA6}"
EndProject
Project("{9A19103F-16F7-4668-BE54-9A1E7A4F7556}") = "EntityLayer", "EntityLayer\EntityLayer.csproj", "{E9998759-6019-4679-AC21-15CB172C5279}"
EndProject
Project("{9A19103F-16F7-4668-BE54-9A1E7A4F7556}") = "DataAccessLayer", "DataAccessLayer\DataAccessLayer.csproj", "{E8DA16D9-EE0C-41BA-BF65-0F5E9B5E5427}"
EndProject
Project("{9A19103F-16F7-4668-BE54-9A1E7A4F7556}") = "BusinessLayer", "BusinessLayer\BusinessLayer.csproj", "{87E4CAAD-6F1F-4373-9149-EE7D24F462F6}"
EndProject
Global
	GlobalSection(SolutionConfigurationPlatforms) = preSolution
		Debug|Any CPU = Debug|Any CPU
		Release|Any CPU = Release|Any CPU
	EndGlobalSection
	GlobalSection(ProjectConfigurationPlatforms) = postSolution
		{A719393E-5CD4-474D-930F-1B488CF3DDA6}.Debug|Any CPU.ActiveCfg = Debug|Any CPU
		{A719393E-5CD4-474D-930F-1B488CF3DDA6}.Debug|Any CPU.Build.0 = Debug|Any CPU
		{A719393E-5CD4-474D-930F-1B488CF3DDA6}.Release|Any CPU.ActiveCfg = Release|Any CPU
		{A719393E-5CD4-474D-930F-1B488CF3DDA6}.Release|Any CPU.Build.0 = Release|Any CPU
		{E9998759-6019-4679-AC21-15CB172C5279}.Debug|Any CPU.ActiveCfg = Debug|Any CPU
		{E9998759-6019-4679-AC21-15CB172C5279}.Debug|Any CPU.Build.0 = Debug|Any CPU
		{E9998759-6019-4679-AC21-15CB172C5279}.Release|Any CPU.ActiveCfg = Release|Any CPU
		{E9998759-6019-4679-AC21-15CB172C5279}.Release|Any CPU.Build.0 = Release|Any CPU
		{E8DA16D9-EE0C-41BA-BF65-0F5E9B5E5427}.Debug|Any CPU.ActiveCfg = Debug|Any CPU
		{E8DA16D9-EE0C-41BA-BF65-0F5E9B5E5427}.Debug|Any CPU.Build.0 = Debug|Any CPU
		{E8DA16D9-EE0C-41BA-BF65-0F5E9B5E5427}.Release|Any CPU.ActiveCfg = Release|Any CPU
		{E8DA16D9-EE0C-41BA-BF65-0F5E9B5E5427}.Release|Any CPU.Build.0 = Release|Any CPU
		{87E4CAAD-6F1F-4373-9149-EE7D24F462F6}.Debug|Any CPU.ActiveCfg = Debug|Any CPU
		{87E4CAAD-6F1F-4373-9149-EE7D24F462F6}.Debug|Any CPU.Build.0 = Debug|Any CPU
		{87E4CAAD-6F1F-4373-9149-EE7D24F462F6}.Release|Any CPU.ActiveCfg = Release|Any CPU
		{87E4CAAD-6F1F-4373-9149-EE7D24F462F6}.Release|Any CPU.Build.0 = Release|Any CPU
	EndGlobalSection
	GlobalSection(SolutionProperties) = preSolution
		HideSolutionNode = FALSE
	EndGlobalSection
	GlobalSection(ExtensibilityGlobals) = postSolution
		SolutionGuid = {15AE615D-F9D3-44CC-B172-A766950E48F0}
	EndGlobalSection
EndGlobal
